
Microsoft Visual Studio Solution File, Format Version 12.00
# Visual Studio Version 16
VisualStudioVersion = 16.0.30611.23
MinimumVisualStudioVersion = 10.0.40219.1
Project("{FAE04EC0-301F-11D3-BF4B-00C04F79EFBC}") = "TargetManager.API", "TargetManager.API.csproj", "{83ED7E18-18FD-4E71-AD26-2C77869ADDE7}"
EndProject
Project("{FAE04EC0-301F-11D3-BF4B-00C04F79EFBC}") = "TargetManager.Domain", "..\TargetManager.Domain\TargetManager.Domain.csproj", "{86CBAF4E-2FBC-4E1A-A80A-71F15F998A91}"
EndProject
Project("{FAE04EC0-301F-11D3-BF4B-00C04F79EFBC}") = "TargetManager.Services", "..\TargetManager.Services\TargetManager.Services.csproj", "{8854F6FC-AA40-4EE2-9366-105CE2D8CE3E}"
EndProject
Global
	GlobalSection(SolutionConfigurationPlatforms) = preSolution
		Debug|Any CPU = Debug|Any CPU
		Release|Any CPU = Release|Any CPU
	EndGlobalSection
	GlobalSection(ProjectConfigurationPlatforms) = postSolution
		{83ED7E18-18FD-4E71-AD26-2C77869ADDE7}.Debug|Any CPU.ActiveCfg = Debug|Any CPU
		{83ED7E18-18FD-4E71-AD26-2C77869ADDE7}.Debug|Any CPU.Build.0 = Debug|Any CPU
		{83ED7E18-18FD-4E71-AD26-2C77869ADDE7}.Release|Any CPU.ActiveCfg = Release|Any CPU
		{83ED7E18-18FD-4E71-AD26-2C77869ADDE7}.Release|Any CPU.Build.0 = Release|Any CPU
		{86CBAF4E-2FBC-4E1A-A80A-71F15F998A91}.Debug|Any CPU.ActiveCfg = Debug|Any CPU
		{86CBAF4E-2FBC-4E1A-A80A-71F15F998A91}.Debug|Any CPU.Build.0 = Debug|Any CPU
		{86CBAF4E-2FBC-4E1A-A80A-71F15F998A91}.Release|Any CPU.ActiveCfg = Release|Any CPU
		{86CBAF4E-2FBC-4E1A-A80A-71F15F998A91}.Release|Any CPU.Build.0 = Release|Any CPU
		{8854F6FC-AA40-4EE2-9366-105CE2D8CE3E}.Debug|Any CPU.ActiveCfg = Debug|Any CPU
		{8854F6FC-AA40-4EE2-9366-105CE2D8CE3E}.Debug|Any CPU.Build.0 = Debug|Any CPU
		{8854F6FC-AA40-4EE2-9366-105CE2D8CE3E}.Release|Any CPU.ActiveCfg = Release|Any CPU
		{8854F6FC-AA40-4EE2-9366-105CE2D8CE3E}.Release|Any CPU.Build.0 = Release|Any CPU
	EndGlobalSection
	GlobalSection(SolutionProperties) = preSolution
		HideSolutionNode = FALSE
	EndGlobalSection
	GlobalSection(ExtensibilityGlobals) = postSolution
		SolutionGuid = {EF7C19CC-F5EE-40DB-A2F1-1066BA24ADE5}
	EndGlobalSection
EndGlobal
